
Microsoft Visual Studio Solution File, Format Version 12.00
# Visual Studio Version 17
VisualStudioVersion = 17.4.33122.133
MinimumVisualStudioVersion = 10.0.40219.1
Project("{FAE04EC0-301F-11D3-BF4B-00C04F79EFBC}") = "CoffeeShop", "CoffeeShop\CoffeeShop.csproj", "{1104B644-F103-401E-8104-AB8743732ACD}"
EndProject
Global
	GlobalSection(SolutionConfigurationPlatforms) = preSolution
		Debug|Any CPU = Debug|Any CPU
		Release|Any CPU = Release|Any CPU
	EndGlobalSection
	GlobalSection(ProjectConfigurationPlatforms) = postSolution
		{1104B644-F103-401E-8104-AB8743732ACD}.Debug|Any CPU.ActiveCfg = Debug|Any CPU
		{1104B644-F103-401E-8104-AB8743732ACD}.Debug|Any CPU.Build.0 = Debug|Any CPU
		{1104B644-F103-401E-8104-AB8743732ACD}.Release|Any CPU.ActiveCfg = Release|Any CPU
		{1104B644-F103-401E-8104-AB8743732ACD}.Release|Any CPU.Build.0 = Release|Any CPU
	EndGlobalSection
	GlobalSection(SolutionProperties) = preSolution
		HideSolutionNode = FALSE
	EndGlobalSection
	GlobalSection(ExtensibilityGlobals) = postSolution
		SolutionGuid = {C96CD279-C555-4A1D-9C8E-F5626EAED7A2}
	EndGlobalSection
EndGlobal
